{
  "name": "nftApp",
  "version": "0.0.1",
  "lockfileVersion": 1,
  "requires": true,
  "dependencies": {
    "react-native-device-info": {
      "version": "0.24.3",
      "resolved": "https://registry.npmjs.org/react-native-device-info/-/react-native-device-info-0.24.3.tgz",
      "integrity": "sha512-usW00Wk6DoXH1eRSMt07j0uYvuka3SIEnJ9girlddAacyqwfa1QMVTN4eYmtaBzuMd/avhis8iHZQ3cLaR9CMA==",
      "dev": true
    }
  }
}
